
Microsoft Visual Studio Solution File, Format Version 11.00
# HRIDE Solution File, Format Version 11.00
Project("{39F91901-BA3E-4766-9ADB-AC16DDCC0D9C}") = "vector", "vector.hrccproj", "{BE44D90E-305C-4DE9-8635-D9C08E4E60DC}"
EndProject
Global
	GlobalSection(SolutionConfigurationPlatforms) = preSolution
		Debug|x86 = Debug|x86
		Release|x86 = Release|x86
	EndGlobalSection
	GlobalSection(ProjectConfigurationPlatforms) = postSolution
		{BE44D90E-305C-4DE9-8635-D9C08E4E60DC}.Debug|x86.ActiveCfg = Debug|x86
		{BE44D90E-305C-4DE9-8635-D9C08E4E60DC}.Debug|x86.Build.0 = Debug|x86
		{BE44D90E-305C-4DE9-8635-D9C08E4E60DC}.Release|x86.ActiveCfg = Release|x86
		{BE44D90E-305C-4DE9-8635-D9C08E4E60DC}.Release|x86.Build.0 = Release|x86
	EndGlobalSection
	GlobalSection(SolutionProperties) = preSolution
		HideSolutionNode = FALSE
	EndGlobalSection
EndGlobal
