
Microsoft Visual Studio Solution File, Format Version 11.00
# HRIDE Solution File, Format Version 11.00
Project("{39F91901-BA3E-4766-9ADB-AC16DDCC0D9C}") = "timer", "timer.hrccproj", "{2C639A9A-B30D-426B-A40B-3D06155DCC3F}"
EndProject
Global
	GlobalSection(SolutionConfigurationPlatforms) = preSolution
		Debug|x86 = Debug|x86
		Release|x86 = Release|x86
	EndGlobalSection
	GlobalSection(ProjectConfigurationPlatforms) = postSolution
		{2C639A9A-B30D-426B-A40B-3D06155DCC3F}.Debug|x86.ActiveCfg = Debug|x86
		{2C639A9A-B30D-426B-A40B-3D06155DCC3F}.Debug|x86.Build.0 = Debug|x86
		{2C639A9A-B30D-426B-A40B-3D06155DCC3F}.Release|x86.ActiveCfg = Release|x86
		{2C639A9A-B30D-426B-A40B-3D06155DCC3F}.Release|x86.Build.0 = Release|x86
	EndGlobalSection
	GlobalSection(SolutionProperties) = preSolution
		HideSolutionNode = FALSE
	EndGlobalSection
EndGlobal
